
Microsoft Visual Studio Solution File, Format Version 12.00
# Visual Studio 15
VisualStudioVersion = 15.0.28010.0
MinimumVisualStudioVersion = 10.0.40219.1
Project("{FAE04EC0-301F-11D3-BF4B-00C04F79EFBC}") = "SoftQualityAAssign2", "SoftQualityAAssign2\SoftQualityAAssign2.csproj", "{86C7769D-7B76-4810-B351-4FEF5B16E1F7}"
EndProject
Global
	GlobalSection(SolutionConfigurationPlatforms) = preSolution
		Debug|Any CPU = Debug|Any CPU
		Release|Any CPU = Release|Any CPU
	EndGlobalSection
	GlobalSection(ProjectConfigurationPlatforms) = postSolution
		{86C7769D-7B76-4810-B351-4FEF5B16E1F7}.Debug|Any CPU.ActiveCfg = Debug|Any CPU
		{86C7769D-7B76-4810-B351-4FEF5B16E1F7}.Debug|Any CPU.Build.0 = Debug|Any CPU
		{86C7769D-7B76-4810-B351-4FEF5B16E1F7}.Release|Any CPU.ActiveCfg = Release|Any CPU
		{86C7769D-7B76-4810-B351-4FEF5B16E1F7}.Release|Any CPU.Build.0 = Release|Any CPU
	EndGlobalSection
	GlobalSection(SolutionProperties) = preSolution
		HideSolutionNode = FALSE
	EndGlobalSection
	GlobalSection(ExtensibilityGlobals) = postSolution
		SolutionGuid = {5E8CAE6C-6CDC-4ABF-8EA1-21B37DA90711}
	EndGlobalSection
EndGlobal
